// !$*UTF8*$!
{
	archiveVersion = 1;
	classes = {
	};
	objectVersion = 50;
	objects = {

/* Begin PBXBuildFile section */
		A15D1C5F23650021002DD4B5 /* AppDelegate.swift in Sources */ = {isa = PBXBuildFile; fileRef = A15D1C5E23650021002DD4B5 /* AppDelegate.swift */; };
		A15D1C6123650021002DD4B5 /* ContentView.swift in Sources */ = {isa = PBXBuildFile; fileRef = A15D1C6023650021002DD4B5 /* ContentView.swift */; };
		A15D1C6323650024002DD4B5 /* Assets.xcassets in Resources */ = {isa = PBXBuildFile; fileRef = A15D1C6223650024002DD4B5 /* Assets.xcassets */; };
		A15D1C6623650024002DD4B5 /* Preview Assets.xcassets in Resources */ = {isa = PBXBuildFile; fileRef = A15D1C6523650024002DD4B5 /* Preview Assets.xcassets */; };
		A15D1C6923650024002DD4B5 /* Main.storyboard in Resources */ = {isa = PBXBuildFile; fileRef = A15D1C6723650024002DD4B5 /* Main.storyboard */; };
		A15D1CC42365234A002DD4B5 /* ChapterOne.swift in Sources */ = {isa = PBXBuildFile; fileRef = A15D1CC32365234A002DD4B5 /* ChapterOne.swift */; };
/* End PBXBuildFile section */

/* Begin PBXFileReference section */
		A15D1C5B23650021002DD4B5 /* MetalByExampleExamples.app */ = {isa = PBXFileReference; explicitFileType = wrapper.application; includeInIndex = 0; path = MetalByExampleExamples.app; sourceTree = BUILT_PRODUCTS_DIR; };
		A15D1C5E23650021002DD4B5 /* AppDelegate.swift */ = {isa = PBXFileReference; lastKnownFileType = sourcecode.swift; path = AppDelegate.swift; sourceTree = "<group>"; };
		A15D1C6023650021002DD4B5 /* ContentView.swift */ = {isa = PBXFileReference; lastKnownFileType = sourcecode.swift; path = ContentView.swift; sourceTree = "<group>"; };
		A15D1C6223650024002DD4B5 /* Assets.xcassets */ = {isa = PBXFileReference; lastKnownFileType = folder.assetcatalog; path = Assets.xcassets; sourceTree = "<group>"; };
		A15D1C6523650024002DD4B5 /* Preview Assets.xcassets */ = {isa = PBXFileReference; lastKnownFileType = folder.assetcatalog; path = "Preview Assets.xcassets"; sourceTree = "<group>"; };
		A15D1C6823650024002DD4B5 /* Base */ = {isa = PBXFileReference; lastKnownFileType = file.storyboard; name = Base; path = Base.lproj/Main.storyboard; sourceTree = "<group>"; };
		A15D1C6A23650024002DD4B5 /* Info.plist */ = {isa = PBXFileReference; lastKnownFileType = text.plist.xml; path = Info.plist; sourceTree = "<group>"; };
		A15D1C6B23650024002DD4B5 /* MetalByExampleExamples.entitlements */ = {isa = PBXFileReference; lastKnownFileType = text.plist.entitlements; path = MetalByExampleExamples.entitlements; sourceTree = "<group>"; };
		A15D1CC32365234A002DD4B5 /* ChapterOne.swift */ = {isa = PBXFileReference; lastKnownFileType = sourcecode.swift; path = ChapterOne.swift; sourceTree = "<group>"; };
/* End PBXFileReference section */

/* Begin PBXFrameworksBuildPhase section */
		A15D1C5823650021002DD4B5 /* Frameworks */ = {
			isa = PBXFrameworksBuildPhase;
			buildActionMask = 2147483647;
			files = (
			);
			runOnlyForDeploymentPostprocessing = 0;
		};
/* End PBXFrameworksBuildPhase section */

/* Begin PBXGroup section */
		A15D1C5223650021002DD4B5 = {
			isa = PBXGroup;
			children = (
				A15D1C5D23650021002DD4B5 /* MetalByExampleExamples */,
				A15D1C5C23650021002DD4B5 /* Products */,
			);
			sourceTree = "<group>";
		};
		A15D1C5C23650021002DD4B5 /* Products */ = {
			isa = PBXGroup;
			children = (
				A15D1C5B23650021002DD4B5 /* MetalByExampleExamples.app */,
			);
			name = Products;
			sourceTree = "<group>";
		};
		A15D1C5D23650021002DD4B5 /* MetalByExampleExamples */ = {
			isa = PBXGroup;
			children = (
				A15D1C5E23650021002DD4B5 /* AppDelegate.swift */,
				A15D1C6023650021002DD4B5 /* ContentView.swift */,
				A15D1C6223650024002DD4B5 /* Assets.xcassets */,
				A15D1C6723650024002DD4B5 /* Main.storyboard */,
				A15D1C6A23650024002DD4B5 /* Info.plist */,
				A15D1C6B23650024002DD4B5 /* MetalByExampleExamples.entitlements */,
				A15D1C6423650024002DD4B5 /* Preview Content */,
				A15D1CC32365234A002DD4B5 /* ChapterOne.swift */,
			);
			path = MetalByExampleExamples;
			sourceTree = "<group>";
		};
		A15D1C6423650024002DD4B5 /* Preview Content */ = {
			isa = PBXGroup;
			children = (
				A15D1C6523650024002DD4B5 /* Preview Assets.xcassets */,
			);
			path = "Preview Content";
			sourceTree = "<group>";
		};
/* End PBXGroup section */

/* Begin PBXNativeTarget section */
		A15D1C5A23650021002DD4B5 /* MetalByExampleExamples */ = {
			isa = PBXNativeTarget;
			buildConfigurationList = A15D1C6E23650024002DD4B5 /* Build configuration list for PBXNativeTarget "MetalByExampleExamples" */;
			buildPhases = (
				A15D1C5723650021002DD4B5 /* Sources */,
				A15D1C5823650021002DD4B5 /* Frameworks */,
				A15D1C5923650021002DD4B5 /* Resources */,
			);
			buildRules = (
			);
			dependencies = (
			);
			name = MetalByExampleExamples;
			productName = MetalByExampleExamples;
			productReference = A15D1C5B23650021002DD4B5 /* MetalByExampleExamples.app */;
			productType = "com.apple.product-type.application";
		};
/* End PBXNativeTarget section */

/* Begin PBXProject section */
		A15D1C5323650021002DD4B5 /* Project object */ = {
			isa = PBXProject;
			attributes = {
				LastSwiftUpdateCheck = 1120;
				LastUpgradeCheck = 1120;
				ORGANIZATIONNAME = "Noah Gilmore";
				TargetAttributes = {
					A15D1C5A23650021002DD4B5 = {
						CreatedOnToolsVersion = 11.2;
					};
				};
			};
			buildConfigurationList = A15D1C5623650021002DD4B5 /* Build configuration list for PBXProject "MetalByExampleExamples" */;
			compatibilityVersion = "Xcode 9.3";
			developmentRegion = en;
			hasScannedForEncodings = 0;
			knownRegions = (
				en,
				Base,
			);
			mainGroup = A15D1C5223650021002DD4B5;
			productRefGroup = A15D1C5C23650021002DD4B5 /* Products */;
			projectDirPath = "";
			projectRoot = "";
			targets = (
				A15D1C5A23650021002DD4B5 /* MetalByExampleExamples */,
			);
		};
/* End PBXProject section */

/* Begin PBXResourcesBuildPhase section */
		A15D1C5923650021002DD4B5 /* Resources */ = {
			isa = PBXResourcesBuildPhase;
			buildActionMask = 2147483647;
			files = (
				A15D1C6923650024002DD4B5 /* Main.storyboard in Resources */,
				A15D1C6623650024002DD4B5 /* Preview Assets.xcassets in Resources */,
				A15D1C6323650024002DD4B5 /* Assets.xcassets in Resources */,
			);
			runOnlyForDeploymentPostprocessing = 0;
		};
/* End PBXResourcesBuildPhase section */

/* Begin PBXSourcesBuildPhase section */
		A15D1C5723650021002DD4B5 /* Sources */ = {
			isa = PBXSourcesBuildPhase;
			buildActionMask = 2147483647;
			files = (
				A15D1C6123650021002DD4B5 /* ContentView.swift in Sources */,
				A15D1C5F23650021002DD4B5 /* AppDelegate.swift in Sources */,
				A15D1CC42365234A002DD4B5 /* ChapterOne.swift in Sources */,
			);
			runOnlyForDeploymentPostprocessing = 0;
		};
/* End PBXSourcesBuildPhase section */

/* Begin PBXVariantGroup section */
		A15D1C6723650024002DD4B5 /* Main.storyboard */ = {
			isa = PBXVariantGroup;
			children = (
				A15D1C6823650024002DD4B5 /* Base */,
			);
			name = Main.storyboard;
			sourceTree = "<group>";
		};
/* End PBXVariantGroup section */

/* Begin XCBuildConfiguration section */
		A15D1C6C23650024002DD4B5 /* Debug */ = {
			isa = XCBuildConfiguration;
			buildSettings = {
				ALWAYS_SEARCH_USER_PATHS = NO;
				CLANG_ANALYZER_NONNULL = YES;
				CLANG_ANALYZER_NUMBER_OBJECT_CONVERSION = YES_AGGRESSIVE;
				CLANG_CXX_LANGUAGE_STANDARD = "gnu++14";
				CLANG_CXX_LIBRARY = "libc++";
				CLANG_ENABLE_MODULES = YES;
				CLANG_ENABLE_OBJC_ARC = YES;
				CLANG_ENABLE_OBJC_WEAK = YES;
				CLANG_WARN_BLOCK_CAPTURE_AUTORELEASING = YES;
				CLANG_WARN_BOOL_CONVERSION = YES;
				CLANG_WARN_COMMA = YES;
				CLANG_WARN_CONSTANT_CONVERSION = YES;
				CLANG_WARN_DEPRECATED_OBJC_IMPLEMENTATIONS = YES;
				CLANG_WARN_DIRECT_OBJC_ISA_USAGE = YES_ERROR;
				CLANG_WARN_DOCUMENTATION_COMMENTS = YES;
				CLANG_WARN_EMPTY_BODY = YES;
				CLANG_WARN_ENUM_CONVERSION = YES;
				CLANG_WARN_INFINITE_RECURSION = YES;
				CLANG_WARN_INT_CONVERSION = YES;
				CLANG_WARN_NON_LITERAL_NULL_CONVERSION = YES;
				CLANG_WARN_OBJC_IMPLICIT_RETAIN_SELF = YES;
				CLANG_WARN_OBJC_LITERAL_CONVERSION = YES;
				CLANG_WARN_OBJC_ROOT_CLASS = YES_ERROR;
				CLANG_WARN_RANGE_LOOP_ANALYSIS = YES;
				CLANG_WARN_STRICT_PROTOTYPES = YES;
				CLANG_WARN_SUSPICIOUS_MOVE = YES;
				CLANG_WARN_UNGUARDED_AVAILABILITY = YES_AGGRESSIVE;
				CLANG_WARN_UNREACHABLE_CODE = YES;
				CLANG_WARN__DUPLICATE_METHOD_MATCH = YES;
				COPY_PHASE_STRIP = NO;
				DEBUG_INFORMATION_FORMAT = dwarf;
				ENABLE_STRICT_OBJC_MSGSEND = YES;
				ENABLE_TESTABILITY = YES;
				GCC_C_LANGUAGE_STANDARD = gnu11;
				GCC_DYNAMIC_NO_PIC = NO;
				GCC_NO_COMMON_BLOCKS = YES;
				GCC_OPTIMIZATION_LEVEL = 0;
				GCC_PREPROCESSOR_DEFINITIONS = (
					"DEBUG=1",
					"$(inherited)",
				);
				GCC_WARN_64_TO_32_BIT_CONVERSION = YES;
				GCC_WARN_ABOUT_RETURN_TYPE = YES_ERROR;
				GCC_WARN_UNDECLARED_SELECTOR = YES;
				GCC_WARN_UNINITIALIZED_AUTOS = YES_AGGRESSIVE;
				GCC_WARN_UNUSED_FUNCTION = YES;
				GCC_WARN_UNUSED_VARIABLE = YES;
				MACOSX_DEPLOYMENT_TARGET = 10.15;
				MTL_ENABLE_DEBUG_INFO = INCLUDE_SOURCE;
				MTL_FAST_MATH = YES;
				ONLY_ACTIVE_ARCH = YES;
				SDKROOT = macosx;
				SWIFT_ACTIVE_COMPILATION_CONDITIONS = DEBUG;
				SWIFT_OPTIMIZATION_LEVEL = "-Onone";
			};
			name = Debug;
		};
		A15D1C6D23650024002DD4B5 /* Release */ = {
			isa = XCBuildConfiguration;
			buildSettings = {
				ALWAYS_SEARCH_USER_PATHS = NO;
				CLANG_ANALYZER_NONNULL = YES;
				CLANG_ANALYZER_NUMBER_OBJECT_CONVERSION = YES_AGGRESSIVE;
				CLANG_CXX_LANGUAGE_STANDARD = "gnu++14";
				CLANG_CXX_LIBRARY = "libc++";
				CLANG_ENABLE_MODULES = YES;
				CLANG_ENABLE_OBJC_ARC = YES;
				CLANG_ENABLE_OBJC_WEAK = YES;
				CLANG_WARN_BLOCK_CAPTURE_AUTORELEASING = YES;
				CLANG_WARN_BOOL_CONVERSION = YES;
				CLANG_WARN_COMMA = YES;
				CLANG_WARN_CONSTANT_CONVERSION = YES;
				CLANG_WARN_DEPRECATED_OBJC_IMPLEMENTATIONS = YES;
				CLANG_WARN_DIRECT_OBJC_ISA_USAGE = YES_ERROR;
				CLANG_WARN_DOCUMENTATION_COMMENTS = YES;
				CLANG_WARN_EMPTY_BODY = YES;
				CLANG_WARN_ENUM_CONVERSION = YES;
				CLANG_WARN_INFINITE_RECURSION = YES;
				CLANG_WARN_INT_CONVERSION = YES;
				CLANG_WARN_NON_LITERAL_NULL_CONVERSION = YES;
				CLANG_WARN_OBJC_IMPLICIT_RETAIN_SELF = YES;
				CLANG_WARN_OBJC_LITERAL_CONVERSION = YES;
				CLANG_WARN_OBJC_ROOT_CLASS = YES_ERROR;
				CLANG_WARN_RANGE_LOOP_ANALYSIS = YES;
				CLANG_WARN_STRICT_PROTOTYPES = YES;
				CLANG_WARN_SUSPICIOUS_MOVE = YES;
				CLANG_WARN_UNGUARDED_AVAILABILITY = YES_AGGRESSIVE;
				CLANG_WARN_UNREACHABLE_CODE = YES;
				CLANG_WARN__DUPLICATE_METHOD_MATCH = YES;
				COPY_PHASE_STRIP = NO;
				DEBUG_INFORMATION_FORMAT = "dwarf-with-dsym";
				ENABLE_NS_ASSERTIONS = NO;
				ENABLE_STRICT_OBJC_MSGSEND = YES;
				GCC_C_LANGUAGE_STANDARD = gnu11;
				GCC_NO_COMMON_BLOCKS = YES;
				GCC_WARN_64_TO_32_BIT_CONVERSION = YES;
				GCC_WARN_ABOUT_RETURN_TYPE = YES_ERROR;
				GCC_WARN_UNDECLARED_SELECTOR = YES;
				GCC_WARN_UNINITIALIZED_AUTOS = YES_AGGRESSIVE;
				GCC_WARN_UNUSED_FUNCTION = YES;
				GCC_WARN_UNUSED_VARIABLE = YES;
				MACOSX_DEPLOYMENT_TARGET = 10.15;
				MTL_ENABLE_DEBUG_INFO = NO;
				MTL_FAST_MATH = YES;
				SDKROOT = macosx;
				SWIFT_COMPILATION_MODE = wholemodule;
				SWIFT_OPTIMIZATION_LEVEL = "-O";
			};
			name = Release;
		};
		A15D1C6F23650024002DD4B5 /* Debug */ = {
			isa = XCBuildConfiguration;
			buildSettings = {
				ASSETCATALOG_COMPILER_APPICON_NAME = AppIcon;
				CODE_SIGN_ENTITLEMENTS = MetalByExampleExamples/MetalByExampleExamples.entitlements;
				CODE_SIGN_STYLE = Automatic;
				COMBINE_HIDPI_IMAGES = YES;
				DEVELOPMENT_ASSET_PATHS = "\"MetalByExampleExamples/Preview Content\"";
				DEVELOPMENT_TEAM = 29P3YRFLV5;
				ENABLE_HARDENED_RUNTIME = YES;
				ENABLE_PREVIEWS = YES;
				INFOPLIST_FILE = MetalByExampleExamples/Info.plist;
				LD_RUNPATH_SEARCH_PATHS = (
					"$(inherited)",
					"@executable_path/../Frameworks",
				);
				MACOSX_DEPLOYMENT_TARGET = 10.15;
				PRODUCT_BUNDLE_IDENTIFIER = com.noahgilmore.MetalByExampleExamples;
				PRODUCT_NAME = "$(TARGET_NAME)";
				SWIFT_VERSION = 5.0;
			};
			name = Debug;
		};
		A15D1C7023650024002DD4B5 /* Release */ = {
			isa = XCBuildConfiguration;
			buildSettings = {
				ASSETCATALOG_COMPILER_APPICON_NAME = AppIcon;
				CODE_SIGN_ENTITLEMENTS = MetalByExampleExamples/MetalByExampleExamples.entitlements;
				CODE_SIGN_STYLE = Automatic;
				COMBINE_HIDPI_IMAGES = YES;
				DEVELOPMENT_ASSET_PATHS = "\"MetalByExampleExamples/Preview Content\"";
				DEVELOPMENT_TEAM = 29P3YRFLV5;
				ENABLE_HARDENED_RUNTIME = YES;
				ENABLE_PREVIEWS = YES;
				INFOPLIST_FILE = MetalByExampleExamples/Info.plist;
				LD_RUNPATH_SEARCH_PATHS = (
					"$(inherited)",
					"@executable_path/../Frameworks",
				);
				MACOSX_DEPLOYMENT_TARGET = 10.15;
				PRODUCT_BUNDLE_IDENTIFIER = com.noahgilmore.MetalByExampleExamples;
				PRODUCT_NAME = "$(TARGET_NAME)";
				SWIFT_VERSION = 5.0;
			};
			name = Release;
		};
/* End XCBuildConfiguration section */

/* Begin XCConfigurationList section */
		A15D1C5623650021002DD4B5 /* Build configuration list for PBXProject "MetalByExampleExamples" */ = {
			isa = XCConfigurationList;
			buildConfigurations = (
				A15D1C6C23650024002DD4B5 /* Debug */,
				A15D1C6D23650024002DD4B5 /* Release */,
			);
			defaultConfigurationIsVisible = 0;
			defaultConfigurationName = Release;
		};
		A15D1C6E23650024002DD4B5 /* Build configuration list for PBXNativeTarget "MetalByExampleExamples" */ = {
			isa = XCConfigurationList;
			buildConfigurations = (
				A15D1C6F23650024002DD4B5 /* Debug */,
				A15D1C7023650024002DD4B5 /* Release */,
			);
			defaultConfigurationIsVisible = 0;
			defaultConfigurationName = Release;
		};
/* End XCConfigurationList section */
	};
	rootObject = A15D1C5323650021002DD4B5 /* Project object */;
}
